
Microsoft Visual Studio Solution File, Format Version 12.00
# Visual Studio Version 16
VisualStudioVersion = 16.0.30330.147
MinimumVisualStudioVersion = 10.0.40219.1
Project("{FAE04EC0-301F-11D3-BF4B-00C04F79EFBC}") = "CmsShoppingCart", "CmsShoppingCart.csproj", "{FCDC0DAE-1BB1-49EF-98CA-FF97C3F3A24B}"
EndProject
Global
	GlobalSection(SolutionConfigurationPlatforms) = preSolution
		Debug|Any CPU = Debug|Any CPU
		Release|Any CPU = Release|Any CPU
	EndGlobalSection
	GlobalSection(ProjectConfigurationPlatforms) = postSolution
		{FCDC0DAE-1BB1-49EF-98CA-FF97C3F3A24B}.Debug|Any CPU.ActiveCfg = Debug|Any CPU
		{FCDC0DAE-1BB1-49EF-98CA-FF97C3F3A24B}.Debug|Any CPU.Build.0 = Debug|Any CPU
		{FCDC0DAE-1BB1-49EF-98CA-FF97C3F3A24B}.Release|Any CPU.ActiveCfg = Release|Any CPU
		{FCDC0DAE-1BB1-49EF-98CA-FF97C3F3A24B}.Release|Any CPU.Build.0 = Release|Any CPU
	EndGlobalSection
	GlobalSection(SolutionProperties) = preSolution
		HideSolutionNode = FALSE
	EndGlobalSection
	GlobalSection(ExtensibilityGlobals) = postSolution
		SolutionGuid = {456EBCA1-E181-4386-84CF-B6A56C3786BE}
	EndGlobalSection
EndGlobal
